
Microsoft Visual Studio Solution File, Format Version 12.00
# Visual Studio Version 16
VisualStudioVersion = 16.0.32002.261
MinimumVisualStudioVersion = 10.0.40219.1
Project("{FAE04EC0-301F-11D3-BF4B-00C04F79EFBC}") = "Day28", "Day28\Day28.csproj", "{F2682016-819D-4D6E-BABC-58A13890EE9D}"
EndProject
Global
	GlobalSection(SolutionConfigurationPlatforms) = preSolution
		Debug|Any CPU = Debug|Any CPU
		Release|Any CPU = Release|Any CPU
	EndGlobalSection
	GlobalSection(ProjectConfigurationPlatforms) = postSolution
		{F2682016-819D-4D6E-BABC-58A13890EE9D}.Debug|Any CPU.ActiveCfg = Debug|Any CPU
		{F2682016-819D-4D6E-BABC-58A13890EE9D}.Debug|Any CPU.Build.0 = Debug|Any CPU
		{F2682016-819D-4D6E-BABC-58A13890EE9D}.Release|Any CPU.ActiveCfg = Release|Any CPU
		{F2682016-819D-4D6E-BABC-58A13890EE9D}.Release|Any CPU.Build.0 = Release|Any CPU
	EndGlobalSection
	GlobalSection(SolutionProperties) = preSolution
		HideSolutionNode = FALSE
	EndGlobalSection
	GlobalSection(ExtensibilityGlobals) = postSolution
		SolutionGuid = {A484FA79-F0F7-4627-A9B3-D43EE3C3DCC3}
	EndGlobalSection
EndGlobal
